
Microsoft Visual Studio Solution File, Format Version 12.00
# Visual Studio 14
VisualStudioVersion = 14.0.25420.1
MinimumVisualStudioVersion = 10.0.40219.1
Project("{D954291E-2A0B-460D-934E-DC6B0785DB48}") = "drink_lover", "drink-lover\drink_lover\drink_lover.shproj", "{70CF522E-168E-4CC6-868F-6CE0A66269F5}"
EndProject
Project("{FAE04EC0-301F-11D3-BF4B-00C04F79EFBC}") = "drink_lover.Droid", "drink-lover\drink_lover.Droid\drink_lover.Droid.csproj", "{CACA4562-81D3-4B9C-8142-3DB52E60C001}"
EndProject
Project("{FAE04EC0-301F-11D3-BF4B-00C04F79EFBC}") = "drink_lover.iOS", "drink-lover\drink_lover.iOS\drink_lover.iOS.csproj", "{8DE22285-07ED-43EC-8B19-FD0EA49372F1}"
EndProject
Project("{FAE04EC0-301F-11D3-BF4B-00C04F79EFBC}") = "drink_lover.WinPhone", "drink-lover\drink_lover.WinPhone\drink_lover.WinPhone.csproj", "{DC14BE48-ECE7-4BB6-A651-3738D7895777}"
EndProject
Project("{FAE04EC0-301F-11D3-BF4B-00C04F79EFBC}") = "drink_lover.UWP", "drink-lover\drink_lover.UWP\drink_lover.UWP.csproj", "{A2BFC7A4-D5D6-4258-935D-D85D5BB50451}"
EndProject
Project("{FAE04EC0-301F-11D3-BF4B-00C04F79EFBC}") = "drink_lover.Windows", "drink-lover\drink_lover.Windows\drink_lover.Windows.csproj", "{6A2535B5-463C-4568-AE44-D1C9DF1DD060}"
EndProject
Global
	GlobalSection(SharedMSBuildProjectFiles) = preSolution
		drink-lover\drink_lover\drink_lover.projitems*{70cf522e-168e-4cc6-868f-6ce0a66269f5}*SharedItemsImports = 13
		drink-lover\drink_lover\drink_lover.projitems*{8de22285-07ed-43ec-8b19-fd0ea49372f1}*SharedItemsImports = 4
		drink-lover\drink_lover\drink_lover.projitems*{caca4562-81d3-4b9c-8142-3db52e60c001}*SharedItemsImports = 4
	EndGlobalSection
	GlobalSection(SolutionConfigurationPlatforms) = preSolution
		Ad-Hoc|Any CPU = Ad-Hoc|Any CPU
		Ad-Hoc|ARM = Ad-Hoc|ARM
		Ad-Hoc|iPhone = Ad-Hoc|iPhone
		Ad-Hoc|iPhoneSimulator = Ad-Hoc|iPhoneSimulator
		Ad-Hoc|x64 = Ad-Hoc|x64
		Ad-Hoc|x86 = Ad-Hoc|x86
		AppStore|Any CPU = AppStore|Any CPU
		AppStore|ARM = AppStore|ARM
		AppStore|iPhone = AppStore|iPhone
		AppStore|iPhoneSimulator = AppStore|iPhoneSimulator
		AppStore|x64 = AppStore|x64
		AppStore|x86 = AppStore|x86
		Debug|Any CPU = Debug|Any CPU
		Debug|ARM = Debug|ARM
		Debug|iPhone = Debug|iPhone
		Debug|iPhoneSimulator = Debug|iPhoneSimulator
		Debug|x64 = Debug|x64
		Debug|x86 = Debug|x86
		Release|Any CPU = Release|Any CPU
		Release|ARM = Release|ARM
		Release|iPhone = Release|iPhone
		Release|iPhoneSimulator = Release|iPhoneSimulator
		Release|x64 = Release|x64
		Release|x86 = Release|x86
	EndGlobalSection
	GlobalSection(ProjectConfigurationPlatforms) = postSolution
		{CACA4562-81D3-4B9C-8142-3DB52E60C001}.Ad-Hoc|Any CPU.ActiveCfg = Release|Any CPU
		{CACA4562-81D3-4B9C-8142-3DB52E60C001}.Ad-Hoc|Any CPU.Build.0 = Release|Any CPU
		{CACA4562-81D3-4B9C-8142-3DB52E60C001}.Ad-Hoc|Any CPU.Deploy.0 = Release|Any CPU
		{CACA4562-81D3-4B9C-8142-3DB52E60C001}.Ad-Hoc|ARM.ActiveCfg = Release|Any CPU
		{CACA4562-81D3-4B9C-8142-3DB52E60C001}.Ad-Hoc|ARM.Build.0 = Release|Any CPU
		{CACA4562-81D3-4B9C-8142-3DB52E60C001}.Ad-Hoc|ARM.Deploy.0 = Release|Any CPU
		{CACA4562-81D3-4B9C-8142-3DB52E60C001}.Ad-Hoc|iPhone.ActiveCfg = Release|Any CPU
		{CACA4562-81D3-4B9C-8142-3DB52E60C001}.Ad-Hoc|iPhone.Build.0 = Release|Any CPU
		{CACA4562-81D3-4B9C-8142-3DB52E60C001}.Ad-Hoc|iPhone.Deploy.0 = Release|Any CPU
		{CACA4562-81D3-4B9C-8142-3DB52E60C001}.Ad-Hoc|iPhoneSimulator.ActiveCfg = Release|Any CPU
		{CACA4562-81D3-4B9C-8142-3DB52E60C001}.Ad-Hoc|iPhoneSimulator.Build.0 = Release|Any CPU
		{CACA4562-81D3-4B9C-8142-3DB52E60C001}.Ad-Hoc|iPhoneSimulator.Deploy.0 = Release|Any CPU
		{CACA4562-81D3-4B9C-8142-3DB52E60C001}.Ad-Hoc|x64.ActiveCfg = Release|Any CPU
		{CACA4562-81D3-4B9C-8142-3DB52E60C001}.Ad-Hoc|x64.Build.0 = Release|Any CPU
		{CACA4562-81D3-4B9C-8142-3DB52E60C001}.Ad-Hoc|x64.Deploy.0 = Release|Any CPU
		{CACA4562-81D3-4B9C-8142-3DB52E60C001}.Ad-Hoc|x86.ActiveCfg = Release|Any CPU
		{CACA4562-81D3-4B9C-8142-3DB52E60C001}.Ad-Hoc|x86.Build.0 = Release|Any CPU
		{CACA4562-81D3-4B9C-8142-3DB52E60C001}.Ad-Hoc|x86.Deploy.0 = Release|Any CPU
		{CACA4562-81D3-4B9C-8142-3DB52E60C001}.AppStore|Any CPU.ActiveCfg = Release|Any CPU
		{CACA4562-81D3-4B9C-8142-3DB52E60C001}.AppStore|Any CPU.Build.0 = Release|Any CPU
		{CACA4562-81D3-4B9C-8142-3DB52E60C001}.AppStore|Any CPU.Deploy.0 = Release|Any CPU
		{CACA4562-81D3-4B9C-8142-3DB52E60C001}.AppStore|ARM.ActiveCfg = Release|Any CPU
		{CACA4562-81D3-4B9C-8142-3DB52E60C001}.AppStore|ARM.Build.0 = Release|Any CPU
		{CACA4562-81D3-4B9C-8142-3DB52E60C001}.AppStore|ARM.Deploy.0 = Release|Any CPU
		{CACA4562-81D3-4B9C-8142-3DB52E60C001}.AppStore|iPhone.ActiveCfg = Release|Any CPU
		{CACA4562-81D3-4B9C-8142-3DB52E60C001}.AppStore|iPhone.Build.0 = Release|Any CPU
		{CACA4562-81D3-4B9C-8142-3DB52E60C001}.AppStore|iPhone.Deploy.0 = Release|Any CPU
		{CACA4562-81D3-4B9C-8142-3DB52E60C001}.AppStore|iPhoneSimulator.ActiveCfg = Release|Any CPU
		{CACA4562-81D3-4B9C-8142-3DB52E60C001}.AppStore|iPhoneSimulator.Build.0 = Release|Any CPU
		{CACA4562-81D3-4B9C-8142-3DB52E60C001}.AppStore|iPhoneSimulator.Deploy.0 = Release|Any CPU
		{CACA4562-81D3-4B9C-8142-3DB52E60C001}.AppStore|x64.ActiveCfg = Release|Any CPU
		{CACA4562-81D3-4B9C-8142-3DB52E60C001}.AppStore|x64.Build.0 = Release|Any CPU
		{CACA4562-81D3-4B9C-8142-3DB52E60C001}.AppStore|x64.Deploy.0 = Release|Any CPU
		{CACA4562-81D3-4B9C-8142-3DB52E60C001}.AppStore|x86.ActiveCfg = Release|Any CPU
		{CACA4562-81D3-4B9C-8142-3DB52E60C001}.AppStore|x86.Build.0 = Release|Any CPU
		{CACA4562-81D3-4B9C-8142-3DB52E60C001}.AppStore|x86.Deploy.0 = Release|Any CPU
		{CACA4562-81D3-4B9C-8142-3DB52E60C001}.Debug|Any CPU.ActiveCfg = Debug|Any CPU
		{CACA4562-81D3-4B9C-8142-3DB52E60C001}.Debug|Any CPU.Build.0 = Debug|Any CPU
		{CACA4562-81D3-4B9C-8142-3DB52E60C001}.Debug|Any CPU.Deploy.0 = Debug|Any CPU
		{CACA4562-81D3-4B9C-8142-3DB52E60C001}.Debug|ARM.ActiveCfg = Debug|Any CPU
		{CACA4562-81D3-4B9C-8142-3DB52E60C001}.Debug|ARM.Build.0 = Debug|Any CPU
		{CACA4562-81D3-4B9C-8142-3DB52E60C001}.Debug|ARM.Deploy.0 = Debug|Any CPU
		{CACA4562-81D3-4B9C-8142-3DB52E60C001}.Debug|iPhone.ActiveCfg = Debug|Any CPU
		{CACA4562-81D3-4B9C-8142-3DB52E60C001}.Debug|iPhone.Build.0 = Debug|Any CPU
		{CACA4562-81D3-4B9C-8142-3DB52E60C001}.Debug|iPhone.Deploy.0 = Debug|Any CPU
		{CACA4562-81D3-4B9C-8142-3DB52E60C001}.Debug|iPhoneSimulator.ActiveCfg = Debug|Any CPU
		{CACA4562-81D3-4B9C-8142-3DB52E60C001}.Debug|iPhoneSimulator.Build.0 = Debug|Any CPU
		{CACA4562-81D3-4B9C-8142-3DB52E60C001}.Debug|iPhoneSimulator.Deploy.0 = Debug|Any CPU
		{CACA4562-81D3-4B9C-8142-3DB52E60C001}.Debug|x64.ActiveCfg = Debug|Any CPU
		{CACA4562-81D3-4B9C-8142-3DB52E60C001}.Debug|x64.Build.0 = Debug|Any CPU
		{CACA4562-81D3-4B9C-8142-3DB52E60C001}.Debug|x64.Deploy.0 = Debug|Any CPU
		{CACA4562-81D3-4B9C-8142-3DB52E60C001}.Debug|x86.ActiveCfg = Debug|Any CPU
		{CACA4562-81D3-4B9C-8142-3DB52E60C001}.Debug|x86.Build.0 = Debug|Any CPU
		{CACA4562-81D3-4B9C-8142-3DB52E60C001}.Debug|x86.Deploy.0 = Debug|Any CPU
		{CACA4562-81D3-4B9C-8142-3DB52E60C001}.Release|Any CPU.ActiveCfg = Release|Any CPU
		{CACA4562-81D3-4B9C-8142-3DB52E60C001}.Release|Any CPU.Build.0 = Release|Any CPU
		{CACA4562-81D3-4B9C-8142-3DB52E60C001}.Release|Any CPU.Deploy.0 = Release|Any CPU
		{CACA4562-81D3-4B9C-8142-3DB52E60C001}.Release|ARM.ActiveCfg = Release|Any CPU
		{CACA4562-81D3-4B9C-8142-3DB52E60C001}.Release|ARM.Build.0 = Release|Any CPU
		{CACA4562-81D3-4B9C-8142-3DB52E60C001}.Release|ARM.Deploy.0 = Release|Any CPU
		{CACA4562-81D3-4B9C-8142-3DB52E60C001}.Release|iPhone.ActiveCfg = Release|Any CPU
		{CACA4562-81D3-4B9C-8142-3DB52E60C001}.Release|iPhone.Build.0 = Release|Any CPU
		{CACA4562-81D3-4B9C-8142-3DB52E60C001}.Release|iPhone.Deploy.0 = Release|Any CPU
		{CACA4562-81D3-4B9C-8142-3DB52E60C001}.Release|iPhoneSimulator.ActiveCfg = Release|Any CPU
		{CACA4562-81D3-4B9C-8142-3DB52E60C001}.Release|iPhoneSimulator.Build.0 = Release|Any CPU
		{CACA4562-81D3-4B9C-8142-3DB52E60C001}.Release|iPhoneSimulator.Deploy.0 = Release|Any CPU
		{CACA4562-81D3-4B9C-8142-3DB52E60C001}.Release|x64.ActiveCfg = Release|Any CPU
		{CACA4562-81D3-4B9C-8142-3DB52E60C001}.Release|x64.Build.0 = Release|Any CPU
		{CACA4562-81D3-4B9C-8142-3DB52E60C001}.Release|x64.Deploy.0 = Release|Any CPU
		{CACA4562-81D3-4B9C-8142-3DB52E60C001}.Release|x86.ActiveCfg = Release|Any CPU
		{CACA4562-81D3-4B9C-8142-3DB52E60C001}.Release|x86.Build.0 = Release|Any CPU
		{CACA4562-81D3-4B9C-8142-3DB52E60C001}.Release|x86.Deploy.0 = Release|Any CPU
		{8DE22285-07ED-43EC-8B19-FD0EA49372F1}.Ad-Hoc|Any CPU.ActiveCfg = Ad-Hoc|iPhone
		{8DE22285-07ED-43EC-8B19-FD0EA49372F1}.Ad-Hoc|ARM.ActiveCfg = Ad-Hoc|iPhone
		{8DE22285-07ED-43EC-8B19-FD0EA49372F1}.Ad-Hoc|iPhone.ActiveCfg = Ad-Hoc|iPhone
		{8DE22285-07ED-43EC-8B19-FD0EA49372F1}.Ad-Hoc|iPhone.Build.0 = Ad-Hoc|iPhone
		{8DE22285-07ED-43EC-8B19-FD0EA49372F1}.Ad-Hoc|iPhoneSimulator.ActiveCfg = Ad-Hoc|iPhoneSimulator
		{8DE22285-07ED-43EC-8B19-FD0EA49372F1}.Ad-Hoc|iPhoneSimulator.Build.0 = Ad-Hoc|iPhoneSimulator
		{8DE22285-07ED-43EC-8B19-FD0EA49372F1}.Ad-Hoc|x64.ActiveCfg = Ad-Hoc|iPhone
		{8DE22285-07ED-43EC-8B19-FD0EA49372F1}.Ad-Hoc|x86.ActiveCfg = Ad-Hoc|iPhone
		{8DE22285-07ED-43EC-8B19-FD0EA49372F1}.AppStore|Any CPU.ActiveCfg = AppStore|iPhone
		{8DE22285-07ED-43EC-8B19-FD0EA49372F1}.AppStore|ARM.ActiveCfg = AppStore|iPhone
		{8DE22285-07ED-43EC-8B19-FD0EA49372F1}.AppStore|iPhone.ActiveCfg = AppStore|iPhone
		{8DE22285-07ED-43EC-8B19-FD0EA49372F1}.AppStore|iPhone.Build.0 = AppStore|iPhone
		{8DE22285-07ED-43EC-8B19-FD0EA49372F1}.AppStore|iPhoneSimulator.ActiveCfg = AppStore|iPhoneSimulator
		{8DE22285-07ED-43EC-8B19-FD0EA49372F1}.AppStore|iPhoneSimulator.Build.0 = AppStore|iPhoneSimulator
		{8DE22285-07ED-43EC-8B19-FD0EA49372F1}.AppStore|x64.ActiveCfg = AppStore|iPhone
		{8DE22285-07ED-43EC-8B19-FD0EA49372F1}.AppStore|x86.ActiveCfg = AppStore|iPhone
		{8DE22285-07ED-43EC-8B19-FD0EA49372F1}.Debug|Any CPU.ActiveCfg = Debug|iPhone
		{8DE22285-07ED-43EC-8B19-FD0EA49372F1}.Debug|ARM.ActiveCfg = Debug|iPhone
		{8DE22285-07ED-43EC-8B19-FD0EA49372F1}.Debug|iPhone.ActiveCfg = Debug|iPhone
		{8DE22285-07ED-43EC-8B19-FD0EA49372F1}.Debug|iPhone.Build.0 = Debug|iPhone
		{8DE22285-07ED-43EC-8B19-FD0EA49372F1}.Debug|iPhoneSimulator.ActiveCfg = Debug|iPhoneSimulator
		{8DE22285-07ED-43EC-8B19-FD0EA49372F1}.Debug|iPhoneSimulator.Build.0 = Debug|iPhoneSimulator
		{8DE22285-07ED-43EC-8B19-FD0EA49372F1}.Debug|x64.ActiveCfg = Debug|iPhone
		{8DE22285-07ED-43EC-8B19-FD0EA49372F1}.Debug|x86.ActiveCfg = Debug|iPhone
		{8DE22285-07ED-43EC-8B19-FD0EA49372F1}.Release|Any CPU.ActiveCfg = Release|iPhone
		{8DE22285-07ED-43EC-8B19-FD0EA49372F1}.Release|ARM.ActiveCfg = Release|iPhone
		{8DE22285-07ED-43EC-8B19-FD0EA49372F1}.Release|iPhone.ActiveCfg = Release|iPhone
		{8DE22285-07ED-43EC-8B19-FD0EA49372F1}.Release|iPhone.Build.0 = Release|iPhone
		{8DE22285-07ED-43EC-8B19-FD0EA49372F1}.Release|iPhoneSimulator.ActiveCfg = Release|iPhoneSimulator
		{8DE22285-07ED-43EC-8B19-FD0EA49372F1}.Release|iPhoneSimulator.Build.0 = Release|iPhoneSimulator
		{8DE22285-07ED-43EC-8B19-FD0EA49372F1}.Release|x64.ActiveCfg = Release|iPhone
		{8DE22285-07ED-43EC-8B19-FD0EA49372F1}.Release|x86.ActiveCfg = Release|iPhone
		{DC14BE48-ECE7-4BB6-A651-3738D7895777}.Ad-Hoc|Any CPU.ActiveCfg = Release|Any CPU
		{DC14BE48-ECE7-4BB6-A651-3738D7895777}.Ad-Hoc|Any CPU.Build.0 = Release|Any CPU
		{DC14BE48-ECE7-4BB6-A651-3738D7895777}.Ad-Hoc|Any CPU.Deploy.0 = Release|Any CPU
		{DC14BE48-ECE7-4BB6-A651-3738D7895777}.Ad-Hoc|ARM.ActiveCfg = Release|ARM
		{DC14BE48-ECE7-4BB6-A651-3738D7895777}.Ad-Hoc|ARM.Build.0 = Release|ARM
		{DC14BE48-ECE7-4BB6-A651-3738D7895777}.Ad-Hoc|ARM.Deploy.0 = Release|ARM
		{DC14BE48-ECE7-4BB6-A651-3738D7895777}.Ad-Hoc|iPhone.ActiveCfg = Release|Any CPU
		{DC14BE48-ECE7-4BB6-A651-3738D7895777}.Ad-Hoc|iPhone.Build.0 = Release|Any CPU
		{DC14BE48-ECE7-4BB6-A651-3738D7895777}.Ad-Hoc|iPhone.Deploy.0 = Release|Any CPU
		{DC14BE48-ECE7-4BB6-A651-3738D7895777}.Ad-Hoc|iPhoneSimulator.ActiveCfg = Release|Any CPU
		{DC14BE48-ECE7-4BB6-A651-3738D7895777}.Ad-Hoc|iPhoneSimulator.Build.0 = Release|Any CPU
		{DC14BE48-ECE7-4BB6-A651-3738D7895777}.Ad-Hoc|iPhoneSimulator.Deploy.0 = Release|Any CPU
		{DC14BE48-ECE7-4BB6-A651-3738D7895777}.Ad-Hoc|x64.ActiveCfg = Release|Any CPU
		{DC14BE48-ECE7-4BB6-A651-3738D7895777}.Ad-Hoc|x64.Build.0 = Release|Any CPU
		{DC14BE48-ECE7-4BB6-A651-3738D7895777}.Ad-Hoc|x64.Deploy.0 = Release|Any CPU
		{DC14BE48-ECE7-4BB6-A651-3738D7895777}.Ad-Hoc|x86.ActiveCfg = Release|x86
		{DC14BE48-ECE7-4BB6-A651-3738D7895777}.Ad-Hoc|x86.Build.0 = Release|x86
		{DC14BE48-ECE7-4BB6-A651-3738D7895777}.Ad-Hoc|x86.Deploy.0 = Release|x86
		{DC14BE48-ECE7-4BB6-A651-3738D7895777}.AppStore|Any CPU.ActiveCfg = Release|Any CPU
		{DC14BE48-ECE7-4BB6-A651-3738D7895777}.AppStore|Any CPU.Build.0 = Release|Any CPU
		{DC14BE48-ECE7-4BB6-A651-3738D7895777}.AppStore|Any CPU.Deploy.0 = Release|Any CPU
		{DC14BE48-ECE7-4BB6-A651-3738D7895777}.AppStore|ARM.ActiveCfg = Release|ARM
		{DC14BE48-ECE7-4BB6-A651-3738D7895777}.AppStore|ARM.Build.0 = Release|ARM
		{DC14BE48-ECE7-4BB6-A651-3738D7895777}.AppStore|ARM.Deploy.0 = Release|ARM
		{DC14BE48-ECE7-4BB6-A651-3738D7895777}.AppStore|iPhone.ActiveCfg = Release|Any CPU
		{DC14BE48-ECE7-4BB6-A651-3738D7895777}.AppStore|iPhone.Build.0 = Release|Any CPU
		{DC14BE48-ECE7-4BB6-A651-3738D7895777}.AppStore|iPhone.Deploy.0 = Release|Any CPU
		{DC14BE48-ECE7-4BB6-A651-3738D7895777}.AppStore|iPhoneSimulator.ActiveCfg = Release|Any CPU
		{DC14BE48-ECE7-4BB6-A651-3738D7895777}.AppStore|iPhoneSimulator.Build.0 = Release|Any CPU
		{DC14BE48-ECE7-4BB6-A651-3738D7895777}.AppStore|iPhoneSimulator.Deploy.0 = Release|Any CPU
		{DC14BE48-ECE7-4BB6-A651-3738D7895777}.AppStore|x64.ActiveCfg = Release|Any CPU
		{DC14BE48-ECE7-4BB6-A651-3738D7895777}.AppStore|x64.Build.0 = Release|Any CPU
		{DC14BE48-ECE7-4BB6-A651-3738D7895777}.AppStore|x64.Deploy.0 = Release|Any CPU
		{DC14BE48-ECE7-4BB6-A651-3738D7895777}.AppStore|x86.ActiveCfg = Release|x86
		{DC14BE48-ECE7-4BB6-A651-3738D7895777}.AppStore|x86.Build.0 = Release|x86
		{DC14BE48-ECE7-4BB6-A651-3738D7895777}.AppStore|x86.Deploy.0 = Release|x86
		{DC14BE48-ECE7-4BB6-A651-3738D7895777}.Debug|Any CPU.ActiveCfg = Debug|Any CPU
		{DC14BE48-ECE7-4BB6-A651-3738D7895777}.Debug|Any CPU.Build.0 = Debug|Any CPU
		{DC14BE48-ECE7-4BB6-A651-3738D7895777}.Debug|Any CPU.Deploy.0 = Debug|Any CPU
		{DC14BE48-ECE7-4BB6-A651-3738D7895777}.Debug|ARM.ActiveCfg = Debug|ARM
		{DC14BE48-ECE7-4BB6-A651-3738D7895777}.Debug|ARM.Build.0 = Debug|ARM
		{DC14BE48-ECE7-4BB6-A651-3738D7895777}.Debug|ARM.Deploy.0 = Debug|ARM
		{DC14BE48-ECE7-4BB6-A651-3738D7895777}.Debug|iPhone.ActiveCfg = Debug|Any CPU
		{DC14BE48-ECE7-4BB6-A651-3738D7895777}.Debug|iPhone.Build.0 = Debug|Any CPU
		{DC14BE48-ECE7-4BB6-A651-3738D7895777}.Debug|iPhone.Deploy.0 = Debug|Any CPU
		{DC14BE48-ECE7-4BB6-A651-3738D7895777}.Debug|iPhoneSimulator.ActiveCfg = Debug|Any CPU
		{DC14BE48-ECE7-4BB6-A651-3738D7895777}.Debug|iPhoneSimulator.Build.0 = Debug|Any CPU
		{DC14BE48-ECE7-4BB6-A651-3738D7895777}.Debug|iPhoneSimulator.Deploy.0 = Debug|Any CPU
		{DC14BE48-ECE7-4BB6-A651-3738D7895777}.Debug|x64.ActiveCfg = Debug|Any CPU
		{DC14BE48-ECE7-4BB6-A651-3738D7895777}.Debug|x64.Build.0 = Debug|Any CPU
		{DC14BE48-ECE7-4BB6-A651-3738D7895777}.Debug|x64.Deploy.0 = Debug|Any CPU
		{DC14BE48-ECE7-4BB6-A651-3738D7895777}.Debug|x86.ActiveCfg = Debug|x86
		{DC14BE48-ECE7-4BB6-A651-3738D7895777}.Debug|x86.Build.0 = Debug|x86
		{DC14BE48-ECE7-4BB6-A651-3738D7895777}.Debug|x86.Deploy.0 = Debug|x86
		{DC14BE48-ECE7-4BB6-A651-3738D7895777}.Release|Any CPU.ActiveCfg = Release|Any CPU
		{DC14BE48-ECE7-4BB6-A651-3738D7895777}.Release|Any CPU.Build.0 = Release|Any CPU
		{DC14BE48-ECE7-4BB6-A651-3738D7895777}.Release|Any CPU.Deploy.0 = Release|Any CPU
		{DC14BE48-ECE7-4BB6-A651-3738D7895777}.Release|ARM.ActiveCfg = Release|ARM
		{DC14BE48-ECE7-4BB6-A651-3738D7895777}.Release|ARM.Build.0 = Release|ARM
		{DC14BE48-ECE7-4BB6-A651-3738D7895777}.Release|ARM.Deploy.0 = Release|ARM
		{DC14BE48-ECE7-4BB6-A651-3738D7895777}.Release|iPhone.ActiveCfg = Release|Any CPU
		{DC14BE48-ECE7-4BB6-A651-3738D7895777}.Release|iPhone.Build.0 = Release|Any CPU
		{DC14BE48-ECE7-4BB6-A651-3738D7895777}.Release|iPhone.Deploy.0 = Release|Any CPU
		{DC14BE48-ECE7-4BB6-A651-3738D7895777}.Release|iPhoneSimulator.ActiveCfg = Release|Any CPU
		{DC14BE48-ECE7-4BB6-A651-3738D7895777}.Release|iPhoneSimulator.Build.0 = Release|Any CPU
		{DC14BE48-ECE7-4BB6-A651-3738D7895777}.Release|iPhoneSimulator.Deploy.0 = Release|Any CPU
		{DC14BE48-ECE7-4BB6-A651-3738D7895777}.Release|x64.ActiveCfg = Release|Any CPU
		{DC14BE48-ECE7-4BB6-A651-3738D7895777}.Release|x64.Build.0 = Release|Any CPU
		{DC14BE48-ECE7-4BB6-A651-3738D7895777}.Release|x64.Deploy.0 = Release|Any CPU
		{DC14BE48-ECE7-4BB6-A651-3738D7895777}.Release|x86.ActiveCfg = Release|x86
		{DC14BE48-ECE7-4BB6-A651-3738D7895777}.Release|x86.Build.0 = Release|x86
		{DC14BE48-ECE7-4BB6-A651-3738D7895777}.Release|x86.Deploy.0 = Release|x86
		{A2BFC7A4-D5D6-4258-935D-D85D5BB50451}.Ad-Hoc|Any CPU.ActiveCfg = Release|x86
		{A2BFC7A4-D5D6-4258-935D-D85D5BB50451}.Ad-Hoc|Any CPU.Build.0 = Release|x86
		{A2BFC7A4-D5D6-4258-935D-D85D5BB50451}.Ad-Hoc|Any CPU.Deploy.0 = Release|x86
		{A2BFC7A4-D5D6-4258-935D-D85D5BB50451}.Ad-Hoc|ARM.ActiveCfg = Release|ARM
		{A2BFC7A4-D5D6-4258-935D-D85D5BB50451}.Ad-Hoc|ARM.Build.0 = Release|ARM
		{A2BFC7A4-D5D6-4258-935D-D85D5BB50451}.Ad-Hoc|ARM.Deploy.0 = Release|ARM
		{A2BFC7A4-D5D6-4258-935D-D85D5BB50451}.Ad-Hoc|iPhone.ActiveCfg = Release|x86
		{A2BFC7A4-D5D6-4258-935D-D85D5BB50451}.Ad-Hoc|iPhone.Build.0 = Release|x86
		{A2BFC7A4-D5D6-4258-935D-D85D5BB50451}.Ad-Hoc|iPhone.Deploy.0 = Release|x86
		{A2BFC7A4-D5D6-4258-935D-D85D5BB50451}.Ad-Hoc|iPhoneSimulator.ActiveCfg = Release|x86
		{A2BFC7A4-D5D6-4258-935D-D85D5BB50451}.Ad-Hoc|iPhoneSimulator.Build.0 = Release|x86
		{A2BFC7A4-D5D6-4258-935D-D85D5BB50451}.Ad-Hoc|iPhoneSimulator.Deploy.0 = Release|x86
		{A2BFC7A4-D5D6-4258-935D-D85D5BB50451}.Ad-Hoc|x64.ActiveCfg = Release|x64
		{A2BFC7A4-D5D6-4258-935D-D85D5BB50451}.Ad-Hoc|x64.Build.0 = Release|x64
		{A2BFC7A4-D5D6-4258-935D-D85D5BB50451}.Ad-Hoc|x64.Deploy.0 = Release|x64
		{A2BFC7A4-D5D6-4258-935D-D85D5BB50451}.Ad-Hoc|x86.ActiveCfg = Release|x86
		{A2BFC7A4-D5D6-4258-935D-D85D5BB50451}.Ad-Hoc|x86.Build.0 = Release|x86
		{A2BFC7A4-D5D6-4258-935D-D85D5BB50451}.Ad-Hoc|x86.Deploy.0 = Release|x86
		{A2BFC7A4-D5D6-4258-935D-D85D5BB50451}.AppStore|Any CPU.ActiveCfg = Release|x86
		{A2BFC7A4-D5D6-4258-935D-D85D5BB50451}.AppStore|Any CPU.Build.0 = Release|x86
		{A2BFC7A4-D5D6-4258-935D-D85D5BB50451}.AppStore|Any CPU.Deploy.0 = Release|x86
		{A2BFC7A4-D5D6-4258-935D-D85D5BB50451}.AppStore|ARM.ActiveCfg = Release|ARM
		{A2BFC7A4-D5D6-4258-935D-D85D5BB50451}.AppStore|ARM.Build.0 = Release|ARM
		{A2BFC7A4-D5D6-4258-935D-D85D5BB50451}.AppStore|ARM.Deploy.0 = Release|ARM
		{A2BFC7A4-D5D6-4258-935D-D85D5BB50451}.AppStore|iPhone.ActiveCfg = Release|x86
		{A2BFC7A4-D5D6-4258-935D-D85D5BB50451}.AppStore|iPhone.Build.0 = Release|x86
		{A2BFC7A4-D5D6-4258-935D-D85D5BB50451}.AppStore|iPhone.Deploy.0 = Release|x86
		{A2BFC7A4-D5D6-4258-935D-D85D5BB50451}.AppStore|iPhoneSimulator.ActiveCfg = Release|x86
		{A2BFC7A4-D5D6-4258-935D-D85D5BB50451}.AppStore|iPhoneSimulator.Build.0 = Release|x86
		{A2BFC7A4-D5D6-4258-935D-D85D5BB50451}.AppStore|iPhoneSimulator.Deploy.0 = Release|x86
		{A2BFC7A4-D5D6-4258-935D-D85D5BB50451}.AppStore|x64.ActiveCfg = Release|x64
		{A2BFC7A4-D5D6-4258-935D-D85D5BB50451}.AppStore|x64.Build.0 = Release|x64
		{A2BFC7A4-D5D6-4258-935D-D85D5BB50451}.AppStore|x64.Deploy.0 = Release|x64
		{A2BFC7A4-D5D6-4258-935D-D85D5BB50451}.AppStore|x86.ActiveCfg = Release|x86
		{A2BFC7A4-D5D6-4258-935D-D85D5BB50451}.AppStore|x86.Build.0 = Release|x86
		{A2BFC7A4-D5D6-4258-935D-D85D5BB50451}.AppStore|x86.Deploy.0 = Release|x86
		{A2BFC7A4-D5D6-4258-935D-D85D5BB50451}.Debug|Any CPU.ActiveCfg = Debug|x86
		{A2BFC7A4-D5D6-4258-935D-D85D5BB50451}.Debug|ARM.ActiveCfg = Debug|ARM
		{A2BFC7A4-D5D6-4258-935D-D85D5BB50451}.Debug|ARM.Build.0 = Debug|ARM
		{A2BFC7A4-D5D6-4258-935D-D85D5BB50451}.Debug|ARM.Deploy.0 = Debug|ARM
		{A2BFC7A4-D5D6-4258-935D-D85D5BB50451}.Debug|iPhone.ActiveCfg = Debug|x86
		{A2BFC7A4-D5D6-4258-935D-D85D5BB50451}.Debug|iPhoneSimulator.ActiveCfg = Debug|x86
		{A2BFC7A4-D5D6-4258-935D-D85D5BB50451}.Debug|x64.ActiveCfg = Debug|x64
		{A2BFC7A4-D5D6-4258-935D-D85D5BB50451}.Debug|x64.Build.0 = Debug|x64
		{A2BFC7A4-D5D6-4258-935D-D85D5BB50451}.Debug|x64.Deploy.0 = Debug|x64
		{A2BFC7A4-D5D6-4258-935D-D85D5BB50451}.Debug|x86.ActiveCfg = Debug|x86
		{A2BFC7A4-D5D6-4258-935D-D85D5BB50451}.Debug|x86.Build.0 = Debug|x86
		{A2BFC7A4-D5D6-4258-935D-D85D5BB50451}.Debug|x86.Deploy.0 = Debug|x86
		{A2BFC7A4-D5D6-4258-935D-D85D5BB50451}.Release|Any CPU.ActiveCfg = Release|x86
		{A2BFC7A4-D5D6-4258-935D-D85D5BB50451}.Release|ARM.ActiveCfg = Release|ARM
		{A2BFC7A4-D5D6-4258-935D-D85D5BB50451}.Release|ARM.Build.0 = Release|ARM
		{A2BFC7A4-D5D6-4258-935D-D85D5BB50451}.Release|ARM.Deploy.0 = Release|ARM
		{A2BFC7A4-D5D6-4258-935D-D85D5BB50451}.Release|iPhone.ActiveCfg = Release|x86
		{A2BFC7A4-D5D6-4258-935D-D85D5BB50451}.Release|iPhoneSimulator.ActiveCfg = Release|x86
		{A2BFC7A4-D5D6-4258-935D-D85D5BB50451}.Release|x64.ActiveCfg = Release|x64
		{A2BFC7A4-D5D6-4258-935D-D85D5BB50451}.Release|x64.Build.0 = Release|x64
		{A2BFC7A4-D5D6-4258-935D-D85D5BB50451}.Release|x64.Deploy.0 = Release|x64
		{A2BFC7A4-D5D6-4258-935D-D85D5BB50451}.Release|x86.ActiveCfg = Release|x86
		{A2BFC7A4-D5D6-4258-935D-D85D5BB50451}.Release|x86.Build.0 = Release|x86
		{A2BFC7A4-D5D6-4258-935D-D85D5BB50451}.Release|x86.Deploy.0 = Release|x86
		{6A2535B5-463C-4568-AE44-D1C9DF1DD060}.Ad-Hoc|Any CPU.ActiveCfg = Release|Any CPU
		{6A2535B5-463C-4568-AE44-D1C9DF1DD060}.Ad-Hoc|Any CPU.Build.0 = Release|Any CPU
		{6A2535B5-463C-4568-AE44-D1C9DF1DD060}.Ad-Hoc|Any CPU.Deploy.0 = Release|Any CPU
		{6A2535B5-463C-4568-AE44-D1C9DF1DD060}.Ad-Hoc|ARM.ActiveCfg = Release|ARM
		{6A2535B5-463C-4568-AE44-D1C9DF1DD060}.Ad-Hoc|ARM.Build.0 = Release|ARM
		{6A2535B5-463C-4568-AE44-D1C9DF1DD060}.Ad-Hoc|ARM.Deploy.0 = Release|ARM
		{6A2535B5-463C-4568-AE44-D1C9DF1DD060}.Ad-Hoc|iPhone.ActiveCfg = Release|Any CPU
		{6A2535B5-463C-4568-AE44-D1C9DF1DD060}.Ad-Hoc|iPhone.Build.0 = Release|Any CPU
		{6A2535B5-463C-4568-AE44-D1C9DF1DD060}.Ad-Hoc|iPhone.Deploy.0 = Release|Any CPU
		{6A2535B5-463C-4568-AE44-D1C9DF1DD060}.Ad-Hoc|iPhoneSimulator.ActiveCfg = Release|Any CPU
		{6A2535B5-463C-4568-AE44-D1C9DF1DD060}.Ad-Hoc|iPhoneSimulator.Build.0 = Release|Any CPU
		{6A2535B5-463C-4568-AE44-D1C9DF1DD060}.Ad-Hoc|iPhoneSimulator.Deploy.0 = Release|Any CPU
		{6A2535B5-463C-4568-AE44-D1C9DF1DD060}.Ad-Hoc|x64.ActiveCfg = Release|x64
		{6A2535B5-463C-4568-AE44-D1C9DF1DD060}.Ad-Hoc|x64.Build.0 = Release|x64
		{6A2535B5-463C-4568-AE44-D1C9DF1DD060}.Ad-Hoc|x64.Deploy.0 = Release|x64
		{6A2535B5-463C-4568-AE44-D1C9DF1DD060}.Ad-Hoc|x86.ActiveCfg = Release|x86
		{6A2535B5-463C-4568-AE44-D1C9DF1DD060}.Ad-Hoc|x86.Build.0 = Release|x86
		{6A2535B5-463C-4568-AE44-D1C9DF1DD060}.Ad-Hoc|x86.Deploy.0 = Release|x86
		{6A2535B5-463C-4568-AE44-D1C9DF1DD060}.AppStore|Any CPU.ActiveCfg = Release|Any CPU
		{6A2535B5-463C-4568-AE44-D1C9DF1DD060}.AppStore|Any CPU.Build.0 = Release|Any CPU
		{6A2535B5-463C-4568-AE44-D1C9DF1DD060}.AppStore|Any CPU.Deploy.0 = Release|Any CPU
		{6A2535B5-463C-4568-AE44-D1C9DF1DD060}.AppStore|ARM.ActiveCfg = Release|ARM
		{6A2535B5-463C-4568-AE44-D1C9DF1DD060}.AppStore|ARM.Build.0 = Release|ARM
		{6A2535B5-463C-4568-AE44-D1C9DF1DD060}.AppStore|ARM.Deploy.0 = Release|ARM
		{6A2535B5-463C-4568-AE44-D1C9DF1DD060}.AppStore|iPhone.ActiveCfg = Release|Any CPU
		{6A2535B5-463C-4568-AE44-D1C9DF1DD060}.AppStore|iPhone.Build.0 = Release|Any CPU
		{6A2535B5-463C-4568-AE44-D1C9DF1DD060}.AppStore|iPhone.Deploy.0 = Release|Any CPU
		{6A2535B5-463C-4568-AE44-D1C9DF1DD060}.AppStore|iPhoneSimulator.ActiveCfg = Release|Any CPU
		{6A2535B5-463C-4568-AE44-D1C9DF1DD060}.AppStore|iPhoneSimulator.Build.0 = Release|Any CPU
		{6A2535B5-463C-4568-AE44-D1C9DF1DD060}.AppStore|iPhoneSimulator.Deploy.0 = Release|Any CPU
		{6A2535B5-463C-4568-AE44-D1C9DF1DD060}.AppStore|x64.ActiveCfg = Release|x64
		{6A2535B5-463C-4568-AE44-D1C9DF1DD060}.AppStore|x64.Build.0 = Release|x64
		{6A2535B5-463C-4568-AE44-D1C9DF1DD060}.AppStore|x64.Deploy.0 = Release|x64
		{6A2535B5-463C-4568-AE44-D1C9DF1DD060}.AppStore|x86.ActiveCfg = Release|x86
		{6A2535B5-463C-4568-AE44-D1C9DF1DD060}.AppStore|x86.Build.0 = Release|x86
		{6A2535B5-463C-4568-AE44-D1C9DF1DD060}.AppStore|x86.Deploy.0 = Release|x86
		{6A2535B5-463C-4568-AE44-D1C9DF1DD060}.Debug|Any CPU.ActiveCfg = Debug|Any CPU
		{6A2535B5-463C-4568-AE44-D1C9DF1DD060}.Debug|Any CPU.Build.0 = Debug|Any CPU
		{6A2535B5-463C-4568-AE44-D1C9DF1DD060}.Debug|Any CPU.Deploy.0 = Debug|Any CPU
		{6A2535B5-463C-4568-AE44-D1C9DF1DD060}.Debug|ARM.ActiveCfg = Debug|ARM
		{6A2535B5-463C-4568-AE44-D1C9DF1DD060}.Debug|ARM.Build.0 = Debug|ARM
		{6A2535B5-463C-4568-AE44-D1C9DF1DD060}.Debug|ARM.Deploy.0 = Debug|ARM
		{6A2535B5-463C-4568-AE44-D1C9DF1DD060}.Debug|iPhone.ActiveCfg = Debug|Any CPU
		{6A2535B5-463C-4568-AE44-D1C9DF1DD060}.Debug|iPhone.Build.0 = Debug|Any CPU
		{6A2535B5-463C-4568-AE44-D1C9DF1DD060}.Debug|iPhone.Deploy.0 = Debug|Any CPU
		{6A2535B5-463C-4568-AE44-D1C9DF1DD060}.Debug|iPhoneSimulator.ActiveCfg = Debug|Any CPU
		{6A2535B5-463C-4568-AE44-D1C9DF1DD060}.Debug|iPhoneSimulator.Build.0 = Debug|Any CPU
		{6A2535B5-463C-4568-AE44-D1C9DF1DD060}.Debug|iPhoneSimulator.Deploy.0 = Debug|Any CPU
		{6A2535B5-463C-4568-AE44-D1C9DF1DD060}.Debug|x64.ActiveCfg = Debug|x64
		{6A2535B5-463C-4568-AE44-D1C9DF1DD060}.Debug|x64.Build.0 = Debug|x64
		{6A2535B5-463C-4568-AE44-D1C9DF1DD060}.Debug|x64.Deploy.0 = Debug|x64
		{6A2535B5-463C-4568-AE44-D1C9DF1DD060}.Debug|x86.ActiveCfg = Debug|x86
		{6A2535B5-463C-4568-AE44-D1C9DF1DD060}.Debug|x86.Build.0 = Debug|x86
		{6A2535B5-463C-4568-AE44-D1C9DF1DD060}.Debug|x86.Deploy.0 = Debug|x86
		{6A2535B5-463C-4568-AE44-D1C9DF1DD060}.Release|Any CPU.ActiveCfg = Release|Any CPU
		{6A2535B5-463C-4568-AE44-D1C9DF1DD060}.Release|Any CPU.Build.0 = Release|Any CPU
		{6A2535B5-463C-4568-AE44-D1C9DF1DD060}.Release|Any CPU.Deploy.0 = Release|Any CPU
		{6A2535B5-463C-4568-AE44-D1C9DF1DD060}.Release|ARM.ActiveCfg = Release|ARM
		{6A2535B5-463C-4568-AE44-D1C9DF1DD060}.Release|ARM.Build.0 = Release|ARM
		{6A2535B5-463C-4568-AE44-D1C9DF1DD060}.Release|ARM.Deploy.0 = Release|ARM
		{6A2535B5-463C-4568-AE44-D1C9DF1DD060}.Release|iPhone.ActiveCfg = Release|Any CPU
		{6A2535B5-463C-4568-AE44-D1C9DF1DD060}.Release|iPhone.Build.0 = Release|Any CPU
		{6A2535B5-463C-4568-AE44-D1C9DF1DD060}.Release|iPhone.Deploy.0 = Release|Any CPU
		{6A2535B5-463C-4568-AE44-D1C9DF1DD060}.Release|iPhoneSimulator.ActiveCfg = Release|Any CPU
		{6A2535B5-463C-4568-AE44-D1C9DF1DD060}.Release|iPhoneSimulator.Build.0 = Release|Any CPU
		{6A2535B5-463C-4568-AE44-D1C9DF1DD060}.Release|iPhoneSimulator.Deploy.0 = Release|Any CPU
		{6A2535B5-463C-4568-AE44-D1C9DF1DD060}.Release|x64.ActiveCfg = Release|x64
		{6A2535B5-463C-4568-AE44-D1C9DF1DD060}.Release|x64.Build.0 = Release|x64
		{6A2535B5-463C-4568-AE44-D1C9DF1DD060}.Release|x64.Deploy.0 = Release|x64
		{6A2535B5-463C-4568-AE44-D1C9DF1DD060}.Release|x86.ActiveCfg = Release|x86
		{6A2535B5-463C-4568-AE44-D1C9DF1DD060}.Release|x86.Build.0 = Release|x86
		{6A2535B5-463C-4568-AE44-D1C9DF1DD060}.Release|x86.Deploy.0 = Release|x86
	EndGlobalSection
	GlobalSection(SolutionProperties) = preSolution
		HideSolutionNode = FALSE
	EndGlobalSection
EndGlobal
