
Microsoft Visual Studio Solution File, Format Version 12.00
# Visual Studio 14
VisualStudioVersion = 14.0.25420.1
MinimumVisualStudioVersion = 10.0.40219.1
Project("{D954291E-2A0B-460D-934E-DC6B0785DB48}") = "drink_lover", "drink-lover\drink_lover\drink_lover.shproj", "{CC38FD15-D340-4042-BE76-F0C366B94982}"
EndProject
Project("{FAE04EC0-301F-11D3-BF4B-00C04F79EFBC}") = "drink_lover.Droid", "drink-lover\drink_lover.Droid\drink_lover.Droid.csproj", "{24AC5B7E-6F35-4DFA-908F-4112F8E7A994}"
EndProject
Project("{FAE04EC0-301F-11D3-BF4B-00C04F79EFBC}") = "drink_lover.iOS", "drink-lover\drink_lover.iOS\drink_lover.iOS.csproj", "{2F8CCC36-916A-4B89-8C16-68E21554C3E4}"
EndProject
Project("{FAE04EC0-301F-11D3-BF4B-00C04F79EFBC}") = "drink_lover.WinPhone", "drink-lover\drink_lover.WinPhone\drink_lover.WinPhone.csproj", "{CA085E66-DA14-4D85-8E79-6F9C9A6E5B7E}"
EndProject
Project("{FAE04EC0-301F-11D3-BF4B-00C04F79EFBC}") = "drink_lover.UWP", "drink-lover\drink_lover.UWP\drink_lover.UWP.csproj", "{B1B2B211-E1DE-4EF8-9F85-01701BB3A66A}"
EndProject
Project("{FAE04EC0-301F-11D3-BF4B-00C04F79EFBC}") = "drink_lover.Windows", "drink-lover\drink_lover.Windows\drink_lover.Windows.csproj", "{93D83BA3-E714-4D09-84E2-C5958F0B2480}"
EndProject
Global
	GlobalSection(SharedMSBuildProjectFiles) = preSolution
		drink-lover\drink_lover\drink_lover.projitems*{24ac5b7e-6f35-4dfa-908f-4112f8e7a994}*SharedItemsImports = 4
		drink-lover\drink_lover\drink_lover.projitems*{2f8ccc36-916a-4b89-8c16-68e21554c3e4}*SharedItemsImports = 4
		drink-lover\drink_lover\drink_lover.projitems*{93d83ba3-e714-4d09-84e2-c5958f0b2480}*SharedItemsImports = 4
		drink-lover\drink_lover\drink_lover.projitems*{b1b2b211-e1de-4ef8-9f85-01701bb3a66a}*SharedItemsImports = 4
		drink-lover\drink_lover\drink_lover.projitems*{ca085e66-da14-4d85-8e79-6f9c9a6e5b7e}*SharedItemsImports = 4
		drink-lover\drink_lover\drink_lover.projitems*{cc38fd15-d340-4042-be76-f0c366b94982}*SharedItemsImports = 13
	EndGlobalSection
	GlobalSection(SolutionConfigurationPlatforms) = preSolution
		Ad-Hoc|Any CPU = Ad-Hoc|Any CPU
		Ad-Hoc|ARM = Ad-Hoc|ARM
		Ad-Hoc|iPhone = Ad-Hoc|iPhone
		Ad-Hoc|iPhoneSimulator = Ad-Hoc|iPhoneSimulator
		Ad-Hoc|x64 = Ad-Hoc|x64
		Ad-Hoc|x86 = Ad-Hoc|x86
		AppStore|Any CPU = AppStore|Any CPU
		AppStore|ARM = AppStore|ARM
		AppStore|iPhone = AppStore|iPhone
		AppStore|iPhoneSimulator = AppStore|iPhoneSimulator
		AppStore|x64 = AppStore|x64
		AppStore|x86 = AppStore|x86
		Debug|Any CPU = Debug|Any CPU
		Debug|ARM = Debug|ARM
		Debug|iPhone = Debug|iPhone
		Debug|iPhoneSimulator = Debug|iPhoneSimulator
		Debug|x64 = Debug|x64
		Debug|x86 = Debug|x86
		Release|Any CPU = Release|Any CPU
		Release|ARM = Release|ARM
		Release|iPhone = Release|iPhone
		Release|iPhoneSimulator = Release|iPhoneSimulator
		Release|x64 = Release|x64
		Release|x86 = Release|x86
	EndGlobalSection
	GlobalSection(ProjectConfigurationPlatforms) = postSolution
		{24AC5B7E-6F35-4DFA-908F-4112F8E7A994}.Ad-Hoc|Any CPU.ActiveCfg = Release|Any CPU
		{24AC5B7E-6F35-4DFA-908F-4112F8E7A994}.Ad-Hoc|Any CPU.Build.0 = Release|Any CPU
		{24AC5B7E-6F35-4DFA-908F-4112F8E7A994}.Ad-Hoc|Any CPU.Deploy.0 = Release|Any CPU
		{24AC5B7E-6F35-4DFA-908F-4112F8E7A994}.Ad-Hoc|ARM.ActiveCfg = Release|Any CPU
		{24AC5B7E-6F35-4DFA-908F-4112F8E7A994}.Ad-Hoc|ARM.Build.0 = Release|Any CPU
		{24AC5B7E-6F35-4DFA-908F-4112F8E7A994}.Ad-Hoc|ARM.Deploy.0 = Release|Any CPU
		{24AC5B7E-6F35-4DFA-908F-4112F8E7A994}.Ad-Hoc|iPhone.ActiveCfg = Release|Any CPU
		{24AC5B7E-6F35-4DFA-908F-4112F8E7A994}.Ad-Hoc|iPhone.Build.0 = Release|Any CPU
		{24AC5B7E-6F35-4DFA-908F-4112F8E7A994}.Ad-Hoc|iPhone.Deploy.0 = Release|Any CPU
		{24AC5B7E-6F35-4DFA-908F-4112F8E7A994}.Ad-Hoc|iPhoneSimulator.ActiveCfg = Release|Any CPU
		{24AC5B7E-6F35-4DFA-908F-4112F8E7A994}.Ad-Hoc|iPhoneSimulator.Build.0 = Release|Any CPU
		{24AC5B7E-6F35-4DFA-908F-4112F8E7A994}.Ad-Hoc|iPhoneSimulator.Deploy.0 = Release|Any CPU
		{24AC5B7E-6F35-4DFA-908F-4112F8E7A994}.Ad-Hoc|x64.ActiveCfg = Release|Any CPU
		{24AC5B7E-6F35-4DFA-908F-4112F8E7A994}.Ad-Hoc|x64.Build.0 = Release|Any CPU
		{24AC5B7E-6F35-4DFA-908F-4112F8E7A994}.Ad-Hoc|x64.Deploy.0 = Release|Any CPU
		{24AC5B7E-6F35-4DFA-908F-4112F8E7A994}.Ad-Hoc|x86.ActiveCfg = Release|Any CPU
		{24AC5B7E-6F35-4DFA-908F-4112F8E7A994}.Ad-Hoc|x86.Build.0 = Release|Any CPU
		{24AC5B7E-6F35-4DFA-908F-4112F8E7A994}.Ad-Hoc|x86.Deploy.0 = Release|Any CPU
		{24AC5B7E-6F35-4DFA-908F-4112F8E7A994}.AppStore|Any CPU.ActiveCfg = Release|Any CPU
		{24AC5B7E-6F35-4DFA-908F-4112F8E7A994}.AppStore|Any CPU.Build.0 = Release|Any CPU
		{24AC5B7E-6F35-4DFA-908F-4112F8E7A994}.AppStore|Any CPU.Deploy.0 = Release|Any CPU
		{24AC5B7E-6F35-4DFA-908F-4112F8E7A994}.AppStore|ARM.ActiveCfg = Release|Any CPU
		{24AC5B7E-6F35-4DFA-908F-4112F8E7A994}.AppStore|ARM.Build.0 = Release|Any CPU
		{24AC5B7E-6F35-4DFA-908F-4112F8E7A994}.AppStore|ARM.Deploy.0 = Release|Any CPU
		{24AC5B7E-6F35-4DFA-908F-4112F8E7A994}.AppStore|iPhone.ActiveCfg = Release|Any CPU
		{24AC5B7E-6F35-4DFA-908F-4112F8E7A994}.AppStore|iPhone.Build.0 = Release|Any CPU
		{24AC5B7E-6F35-4DFA-908F-4112F8E7A994}.AppStore|iPhone.Deploy.0 = Release|Any CPU
		{24AC5B7E-6F35-4DFA-908F-4112F8E7A994}.AppStore|iPhoneSimulator.ActiveCfg = Release|Any CPU
		{24AC5B7E-6F35-4DFA-908F-4112F8E7A994}.AppStore|iPhoneSimulator.Build.0 = Release|Any CPU
		{24AC5B7E-6F35-4DFA-908F-4112F8E7A994}.AppStore|iPhoneSimulator.Deploy.0 = Release|Any CPU
		{24AC5B7E-6F35-4DFA-908F-4112F8E7A994}.AppStore|x64.ActiveCfg = Release|Any CPU
		{24AC5B7E-6F35-4DFA-908F-4112F8E7A994}.AppStore|x64.Build.0 = Release|Any CPU
		{24AC5B7E-6F35-4DFA-908F-4112F8E7A994}.AppStore|x64.Deploy.0 = Release|Any CPU
		{24AC5B7E-6F35-4DFA-908F-4112F8E7A994}.AppStore|x86.ActiveCfg = Release|Any CPU
		{24AC5B7E-6F35-4DFA-908F-4112F8E7A994}.AppStore|x86.Build.0 = Release|Any CPU
		{24AC5B7E-6F35-4DFA-908F-4112F8E7A994}.AppStore|x86.Deploy.0 = Release|Any CPU
		{24AC5B7E-6F35-4DFA-908F-4112F8E7A994}.Debug|Any CPU.ActiveCfg = Debug|Any CPU
		{24AC5B7E-6F35-4DFA-908F-4112F8E7A994}.Debug|Any CPU.Build.0 = Debug|Any CPU
		{24AC5B7E-6F35-4DFA-908F-4112F8E7A994}.Debug|Any CPU.Deploy.0 = Debug|Any CPU
		{24AC5B7E-6F35-4DFA-908F-4112F8E7A994}.Debug|ARM.ActiveCfg = Debug|Any CPU
		{24AC5B7E-6F35-4DFA-908F-4112F8E7A994}.Debug|ARM.Build.0 = Debug|Any CPU
		{24AC5B7E-6F35-4DFA-908F-4112F8E7A994}.Debug|ARM.Deploy.0 = Debug|Any CPU
		{24AC5B7E-6F35-4DFA-908F-4112F8E7A994}.Debug|iPhone.ActiveCfg = Debug|Any CPU
		{24AC5B7E-6F35-4DFA-908F-4112F8E7A994}.Debug|iPhone.Build.0 = Debug|Any CPU
		{24AC5B7E-6F35-4DFA-908F-4112F8E7A994}.Debug|iPhone.Deploy.0 = Debug|Any CPU
		{24AC5B7E-6F35-4DFA-908F-4112F8E7A994}.Debug|iPhoneSimulator.ActiveCfg = Debug|Any CPU
		{24AC5B7E-6F35-4DFA-908F-4112F8E7A994}.Debug|iPhoneSimulator.Build.0 = Debug|Any CPU
		{24AC5B7E-6F35-4DFA-908F-4112F8E7A994}.Debug|iPhoneSimulator.Deploy.0 = Debug|Any CPU
		{24AC5B7E-6F35-4DFA-908F-4112F8E7A994}.Debug|x64.ActiveCfg = Debug|Any CPU
		{24AC5B7E-6F35-4DFA-908F-4112F8E7A994}.Debug|x64.Build.0 = Debug|Any CPU
		{24AC5B7E-6F35-4DFA-908F-4112F8E7A994}.Debug|x64.Deploy.0 = Debug|Any CPU
		{24AC5B7E-6F35-4DFA-908F-4112F8E7A994}.Debug|x86.ActiveCfg = Debug|Any CPU
		{24AC5B7E-6F35-4DFA-908F-4112F8E7A994}.Debug|x86.Build.0 = Debug|Any CPU
		{24AC5B7E-6F35-4DFA-908F-4112F8E7A994}.Debug|x86.Deploy.0 = Debug|Any CPU
		{24AC5B7E-6F35-4DFA-908F-4112F8E7A994}.Release|Any CPU.ActiveCfg = Release|Any CPU
		{24AC5B7E-6F35-4DFA-908F-4112F8E7A994}.Release|Any CPU.Build.0 = Release|Any CPU
		{24AC5B7E-6F35-4DFA-908F-4112F8E7A994}.Release|Any CPU.Deploy.0 = Release|Any CPU
		{24AC5B7E-6F35-4DFA-908F-4112F8E7A994}.Release|ARM.ActiveCfg = Release|Any CPU
		{24AC5B7E-6F35-4DFA-908F-4112F8E7A994}.Release|ARM.Build.0 = Release|Any CPU
		{24AC5B7E-6F35-4DFA-908F-4112F8E7A994}.Release|ARM.Deploy.0 = Release|Any CPU
		{24AC5B7E-6F35-4DFA-908F-4112F8E7A994}.Release|iPhone.ActiveCfg = Release|Any CPU
		{24AC5B7E-6F35-4DFA-908F-4112F8E7A994}.Release|iPhone.Build.0 = Release|Any CPU
		{24AC5B7E-6F35-4DFA-908F-4112F8E7A994}.Release|iPhone.Deploy.0 = Release|Any CPU
		{24AC5B7E-6F35-4DFA-908F-4112F8E7A994}.Release|iPhoneSimulator.ActiveCfg = Release|Any CPU
		{24AC5B7E-6F35-4DFA-908F-4112F8E7A994}.Release|iPhoneSimulator.Build.0 = Release|Any CPU
		{24AC5B7E-6F35-4DFA-908F-4112F8E7A994}.Release|iPhoneSimulator.Deploy.0 = Release|Any CPU
		{24AC5B7E-6F35-4DFA-908F-4112F8E7A994}.Release|x64.ActiveCfg = Release|Any CPU
		{24AC5B7E-6F35-4DFA-908F-4112F8E7A994}.Release|x64.Build.0 = Release|Any CPU
		{24AC5B7E-6F35-4DFA-908F-4112F8E7A994}.Release|x64.Deploy.0 = Release|Any CPU
		{24AC5B7E-6F35-4DFA-908F-4112F8E7A994}.Release|x86.ActiveCfg = Release|Any CPU
		{24AC5B7E-6F35-4DFA-908F-4112F8E7A994}.Release|x86.Build.0 = Release|Any CPU
		{24AC5B7E-6F35-4DFA-908F-4112F8E7A994}.Release|x86.Deploy.0 = Release|Any CPU
		{2F8CCC36-916A-4B89-8C16-68E21554C3E4}.Ad-Hoc|Any CPU.ActiveCfg = Ad-Hoc|iPhone
		{2F8CCC36-916A-4B89-8C16-68E21554C3E4}.Ad-Hoc|ARM.ActiveCfg = Ad-Hoc|iPhone
		{2F8CCC36-916A-4B89-8C16-68E21554C3E4}.Ad-Hoc|iPhone.ActiveCfg = Ad-Hoc|iPhone
		{2F8CCC36-916A-4B89-8C16-68E21554C3E4}.Ad-Hoc|iPhone.Build.0 = Ad-Hoc|iPhone
		{2F8CCC36-916A-4B89-8C16-68E21554C3E4}.Ad-Hoc|iPhoneSimulator.ActiveCfg = Ad-Hoc|iPhoneSimulator
		{2F8CCC36-916A-4B89-8C16-68E21554C3E4}.Ad-Hoc|iPhoneSimulator.Build.0 = Ad-Hoc|iPhoneSimulator
		{2F8CCC36-916A-4B89-8C16-68E21554C3E4}.Ad-Hoc|x64.ActiveCfg = Ad-Hoc|iPhone
		{2F8CCC36-916A-4B89-8C16-68E21554C3E4}.Ad-Hoc|x86.ActiveCfg = Ad-Hoc|iPhone
		{2F8CCC36-916A-4B89-8C16-68E21554C3E4}.AppStore|Any CPU.ActiveCfg = AppStore|iPhone
		{2F8CCC36-916A-4B89-8C16-68E21554C3E4}.AppStore|ARM.ActiveCfg = AppStore|iPhone
		{2F8CCC36-916A-4B89-8C16-68E21554C3E4}.AppStore|iPhone.ActiveCfg = AppStore|iPhone
		{2F8CCC36-916A-4B89-8C16-68E21554C3E4}.AppStore|iPhone.Build.0 = AppStore|iPhone
		{2F8CCC36-916A-4B89-8C16-68E21554C3E4}.AppStore|iPhoneSimulator.ActiveCfg = AppStore|iPhoneSimulator
		{2F8CCC36-916A-4B89-8C16-68E21554C3E4}.AppStore|iPhoneSimulator.Build.0 = AppStore|iPhoneSimulator
		{2F8CCC36-916A-4B89-8C16-68E21554C3E4}.AppStore|x64.ActiveCfg = AppStore|iPhone
		{2F8CCC36-916A-4B89-8C16-68E21554C3E4}.AppStore|x86.ActiveCfg = AppStore|iPhone
		{2F8CCC36-916A-4B89-8C16-68E21554C3E4}.Debug|Any CPU.ActiveCfg = Debug|iPhone
		{2F8CCC36-916A-4B89-8C16-68E21554C3E4}.Debug|ARM.ActiveCfg = Debug|iPhone
		{2F8CCC36-916A-4B89-8C16-68E21554C3E4}.Debug|iPhone.ActiveCfg = Debug|iPhone
		{2F8CCC36-916A-4B89-8C16-68E21554C3E4}.Debug|iPhone.Build.0 = Debug|iPhone
		{2F8CCC36-916A-4B89-8C16-68E21554C3E4}.Debug|iPhoneSimulator.ActiveCfg = Debug|iPhoneSimulator
		{2F8CCC36-916A-4B89-8C16-68E21554C3E4}.Debug|iPhoneSimulator.Build.0 = Debug|iPhoneSimulator
		{2F8CCC36-916A-4B89-8C16-68E21554C3E4}.Debug|x64.ActiveCfg = Debug|iPhone
		{2F8CCC36-916A-4B89-8C16-68E21554C3E4}.Debug|x86.ActiveCfg = Debug|iPhone
		{2F8CCC36-916A-4B89-8C16-68E21554C3E4}.Release|Any CPU.ActiveCfg = Release|iPhone
		{2F8CCC36-916A-4B89-8C16-68E21554C3E4}.Release|ARM.ActiveCfg = Release|iPhone
		{2F8CCC36-916A-4B89-8C16-68E21554C3E4}.Release|iPhone.ActiveCfg = Release|iPhone
		{2F8CCC36-916A-4B89-8C16-68E21554C3E4}.Release|iPhone.Build.0 = Release|iPhone
		{2F8CCC36-916A-4B89-8C16-68E21554C3E4}.Release|iPhoneSimulator.ActiveCfg = Release|iPhone
		{2F8CCC36-916A-4B89-8C16-68E21554C3E4}.Release|iPhoneSimulator.Build.0 = Release|iPhoneSimulator
		{2F8CCC36-916A-4B89-8C16-68E21554C3E4}.Release|x64.ActiveCfg = Release|iPhone
		{2F8CCC36-916A-4B89-8C16-68E21554C3E4}.Release|x86.ActiveCfg = Release|iPhone
		{CA085E66-DA14-4D85-8E79-6F9C9A6E5B7E}.Ad-Hoc|Any CPU.ActiveCfg = Release|Any CPU
		{CA085E66-DA14-4D85-8E79-6F9C9A6E5B7E}.Ad-Hoc|Any CPU.Build.0 = Release|Any CPU
		{CA085E66-DA14-4D85-8E79-6F9C9A6E5B7E}.Ad-Hoc|Any CPU.Deploy.0 = Release|Any CPU
		{CA085E66-DA14-4D85-8E79-6F9C9A6E5B7E}.Ad-Hoc|ARM.ActiveCfg = Release|ARM
		{CA085E66-DA14-4D85-8E79-6F9C9A6E5B7E}.Ad-Hoc|ARM.Build.0 = Release|ARM
		{CA085E66-DA14-4D85-8E79-6F9C9A6E5B7E}.Ad-Hoc|ARM.Deploy.0 = Release|ARM
		{CA085E66-DA14-4D85-8E79-6F9C9A6E5B7E}.Ad-Hoc|iPhone.ActiveCfg = Release|Any CPU
		{CA085E66-DA14-4D85-8E79-6F9C9A6E5B7E}.Ad-Hoc|iPhone.Build.0 = Release|Any CPU
		{CA085E66-DA14-4D85-8E79-6F9C9A6E5B7E}.Ad-Hoc|iPhone.Deploy.0 = Release|Any CPU
		{CA085E66-DA14-4D85-8E79-6F9C9A6E5B7E}.Ad-Hoc|iPhoneSimulator.ActiveCfg = Release|Any CPU
		{CA085E66-DA14-4D85-8E79-6F9C9A6E5B7E}.Ad-Hoc|iPhoneSimulator.Build.0 = Release|Any CPU
		{CA085E66-DA14-4D85-8E79-6F9C9A6E5B7E}.Ad-Hoc|iPhoneSimulator.Deploy.0 = Release|Any CPU
		{CA085E66-DA14-4D85-8E79-6F9C9A6E5B7E}.Ad-Hoc|x64.ActiveCfg = Release|Any CPU
		{CA085E66-DA14-4D85-8E79-6F9C9A6E5B7E}.Ad-Hoc|x64.Build.0 = Release|Any CPU
		{CA085E66-DA14-4D85-8E79-6F9C9A6E5B7E}.Ad-Hoc|x64.Deploy.0 = Release|Any CPU
		{CA085E66-DA14-4D85-8E79-6F9C9A6E5B7E}.Ad-Hoc|x86.ActiveCfg = Release|x86
		{CA085E66-DA14-4D85-8E79-6F9C9A6E5B7E}.Ad-Hoc|x86.Build.0 = Release|x86
		{CA085E66-DA14-4D85-8E79-6F9C9A6E5B7E}.Ad-Hoc|x86.Deploy.0 = Release|x86
		{CA085E66-DA14-4D85-8E79-6F9C9A6E5B7E}.AppStore|Any CPU.ActiveCfg = Release|Any CPU
		{CA085E66-DA14-4D85-8E79-6F9C9A6E5B7E}.AppStore|Any CPU.Build.0 = Release|Any CPU
		{CA085E66-DA14-4D85-8E79-6F9C9A6E5B7E}.AppStore|Any CPU.Deploy.0 = Release|Any CPU
		{CA085E66-DA14-4D85-8E79-6F9C9A6E5B7E}.AppStore|ARM.ActiveCfg = Release|ARM
		{CA085E66-DA14-4D85-8E79-6F9C9A6E5B7E}.AppStore|ARM.Build.0 = Release|ARM
		{CA085E66-DA14-4D85-8E79-6F9C9A6E5B7E}.AppStore|ARM.Deploy.0 = Release|ARM
		{CA085E66-DA14-4D85-8E79-6F9C9A6E5B7E}.AppStore|iPhone.ActiveCfg = Release|Any CPU
		{CA085E66-DA14-4D85-8E79-6F9C9A6E5B7E}.AppStore|iPhone.Build.0 = Release|Any CPU
		{CA085E66-DA14-4D85-8E79-6F9C9A6E5B7E}.AppStore|iPhone.Deploy.0 = Release|Any CPU
		{CA085E66-DA14-4D85-8E79-6F9C9A6E5B7E}.AppStore|iPhoneSimulator.ActiveCfg = Release|Any CPU
		{CA085E66-DA14-4D85-8E79-6F9C9A6E5B7E}.AppStore|iPhoneSimulator.Build.0 = Release|Any CPU
		{CA085E66-DA14-4D85-8E79-6F9C9A6E5B7E}.AppStore|iPhoneSimulator.Deploy.0 = Release|Any CPU
		{CA085E66-DA14-4D85-8E79-6F9C9A6E5B7E}.AppStore|x64.ActiveCfg = Release|Any CPU
		{CA085E66-DA14-4D85-8E79-6F9C9A6E5B7E}.AppStore|x64.Build.0 = Release|Any CPU
		{CA085E66-DA14-4D85-8E79-6F9C9A6E5B7E}.AppStore|x64.Deploy.0 = Release|Any CPU
		{CA085E66-DA14-4D85-8E79-6F9C9A6E5B7E}.AppStore|x86.ActiveCfg = Release|x86
		{CA085E66-DA14-4D85-8E79-6F9C9A6E5B7E}.AppStore|x86.Build.0 = Release|x86
		{CA085E66-DA14-4D85-8E79-6F9C9A6E5B7E}.AppStore|x86.Deploy.0 = Release|x86
		{CA085E66-DA14-4D85-8E79-6F9C9A6E5B7E}.Debug|Any CPU.ActiveCfg = Debug|Any CPU
		{CA085E66-DA14-4D85-8E79-6F9C9A6E5B7E}.Debug|Any CPU.Build.0 = Debug|Any CPU
		{CA085E66-DA14-4D85-8E79-6F9C9A6E5B7E}.Debug|Any CPU.Deploy.0 = Debug|Any CPU
		{CA085E66-DA14-4D85-8E79-6F9C9A6E5B7E}.Debug|ARM.ActiveCfg = Debug|ARM
		{CA085E66-DA14-4D85-8E79-6F9C9A6E5B7E}.Debug|ARM.Build.0 = Debug|ARM
		{CA085E66-DA14-4D85-8E79-6F9C9A6E5B7E}.Debug|ARM.Deploy.0 = Debug|ARM
		{CA085E66-DA14-4D85-8E79-6F9C9A6E5B7E}.Debug|iPhone.ActiveCfg = Debug|Any CPU
		{CA085E66-DA14-4D85-8E79-6F9C9A6E5B7E}.Debug|iPhone.Build.0 = Debug|Any CPU
		{CA085E66-DA14-4D85-8E79-6F9C9A6E5B7E}.Debug|iPhone.Deploy.0 = Debug|Any CPU
		{CA085E66-DA14-4D85-8E79-6F9C9A6E5B7E}.Debug|iPhoneSimulator.ActiveCfg = Debug|Any CPU
		{CA085E66-DA14-4D85-8E79-6F9C9A6E5B7E}.Debug|iPhoneSimulator.Build.0 = Debug|Any CPU
		{CA085E66-DA14-4D85-8E79-6F9C9A6E5B7E}.Debug|iPhoneSimulator.Deploy.0 = Debug|Any CPU
		{CA085E66-DA14-4D85-8E79-6F9C9A6E5B7E}.Debug|x64.ActiveCfg = Debug|Any CPU
		{CA085E66-DA14-4D85-8E79-6F9C9A6E5B7E}.Debug|x64.Build.0 = Debug|Any CPU
		{CA085E66-DA14-4D85-8E79-6F9C9A6E5B7E}.Debug|x64.Deploy.0 = Debug|Any CPU
		{CA085E66-DA14-4D85-8E79-6F9C9A6E5B7E}.Debug|x86.ActiveCfg = Debug|x86
		{CA085E66-DA14-4D85-8E79-6F9C9A6E5B7E}.Debug|x86.Build.0 = Debug|x86
		{CA085E66-DA14-4D85-8E79-6F9C9A6E5B7E}.Debug|x86.Deploy.0 = Debug|x86
		{CA085E66-DA14-4D85-8E79-6F9C9A6E5B7E}.Release|Any CPU.ActiveCfg = Release|x86
		{CA085E66-DA14-4D85-8E79-6F9C9A6E5B7E}.Release|ARM.ActiveCfg = Release|x86
		{CA085E66-DA14-4D85-8E79-6F9C9A6E5B7E}.Release|iPhone.ActiveCfg = Release|x86
		{CA085E66-DA14-4D85-8E79-6F9C9A6E5B7E}.Release|iPhoneSimulator.ActiveCfg = Release|x86
		{CA085E66-DA14-4D85-8E79-6F9C9A6E5B7E}.Release|x64.ActiveCfg = Release|x86
		{CA085E66-DA14-4D85-8E79-6F9C9A6E5B7E}.Release|x86.ActiveCfg = Release|x86
		{B1B2B211-E1DE-4EF8-9F85-01701BB3A66A}.Ad-Hoc|Any CPU.ActiveCfg = Release|x86
		{B1B2B211-E1DE-4EF8-9F85-01701BB3A66A}.Ad-Hoc|Any CPU.Build.0 = Release|x86
		{B1B2B211-E1DE-4EF8-9F85-01701BB3A66A}.Ad-Hoc|Any CPU.Deploy.0 = Release|x86
		{B1B2B211-E1DE-4EF8-9F85-01701BB3A66A}.Ad-Hoc|ARM.ActiveCfg = Release|ARM
		{B1B2B211-E1DE-4EF8-9F85-01701BB3A66A}.Ad-Hoc|ARM.Build.0 = Release|ARM
		{B1B2B211-E1DE-4EF8-9F85-01701BB3A66A}.Ad-Hoc|ARM.Deploy.0 = Release|ARM
		{B1B2B211-E1DE-4EF8-9F85-01701BB3A66A}.Ad-Hoc|iPhone.ActiveCfg = Release|x86
		{B1B2B211-E1DE-4EF8-9F85-01701BB3A66A}.Ad-Hoc|iPhone.Build.0 = Release|x86
		{B1B2B211-E1DE-4EF8-9F85-01701BB3A66A}.Ad-Hoc|iPhone.Deploy.0 = Release|x86
		{B1B2B211-E1DE-4EF8-9F85-01701BB3A66A}.Ad-Hoc|iPhoneSimulator.ActiveCfg = Release|x86
		{B1B2B211-E1DE-4EF8-9F85-01701BB3A66A}.Ad-Hoc|iPhoneSimulator.Build.0 = Release|x86
		{B1B2B211-E1DE-4EF8-9F85-01701BB3A66A}.Ad-Hoc|iPhoneSimulator.Deploy.0 = Release|x86
		{B1B2B211-E1DE-4EF8-9F85-01701BB3A66A}.Ad-Hoc|x64.ActiveCfg = Release|x64
		{B1B2B211-E1DE-4EF8-9F85-01701BB3A66A}.Ad-Hoc|x64.Build.0 = Release|x64
		{B1B2B211-E1DE-4EF8-9F85-01701BB3A66A}.Ad-Hoc|x64.Deploy.0 = Release|x64
		{B1B2B211-E1DE-4EF8-9F85-01701BB3A66A}.Ad-Hoc|x86.ActiveCfg = Release|x86
		{B1B2B211-E1DE-4EF8-9F85-01701BB3A66A}.Ad-Hoc|x86.Build.0 = Release|x86
		{B1B2B211-E1DE-4EF8-9F85-01701BB3A66A}.Ad-Hoc|x86.Deploy.0 = Release|x86
		{B1B2B211-E1DE-4EF8-9F85-01701BB3A66A}.AppStore|Any CPU.ActiveCfg = Release|x86
		{B1B2B211-E1DE-4EF8-9F85-01701BB3A66A}.AppStore|Any CPU.Build.0 = Release|x86
		{B1B2B211-E1DE-4EF8-9F85-01701BB3A66A}.AppStore|Any CPU.Deploy.0 = Release|x86
		{B1B2B211-E1DE-4EF8-9F85-01701BB3A66A}.AppStore|ARM.ActiveCfg = Release|ARM
		{B1B2B211-E1DE-4EF8-9F85-01701BB3A66A}.AppStore|ARM.Build.0 = Release|ARM
		{B1B2B211-E1DE-4EF8-9F85-01701BB3A66A}.AppStore|ARM.Deploy.0 = Release|ARM
		{B1B2B211-E1DE-4EF8-9F85-01701BB3A66A}.AppStore|iPhone.ActiveCfg = Release|x86
		{B1B2B211-E1DE-4EF8-9F85-01701BB3A66A}.AppStore|iPhone.Build.0 = Release|x86
		{B1B2B211-E1DE-4EF8-9F85-01701BB3A66A}.AppStore|iPhone.Deploy.0 = Release|x86
		{B1B2B211-E1DE-4EF8-9F85-01701BB3A66A}.AppStore|iPhoneSimulator.ActiveCfg = Release|x86
		{B1B2B211-E1DE-4EF8-9F85-01701BB3A66A}.AppStore|iPhoneSimulator.Build.0 = Release|x86
		{B1B2B211-E1DE-4EF8-9F85-01701BB3A66A}.AppStore|iPhoneSimulator.Deploy.0 = Release|x86
		{B1B2B211-E1DE-4EF8-9F85-01701BB3A66A}.AppStore|x64.ActiveCfg = Release|x64
		{B1B2B211-E1DE-4EF8-9F85-01701BB3A66A}.AppStore|x64.Build.0 = Release|x64
		{B1B2B211-E1DE-4EF8-9F85-01701BB3A66A}.AppStore|x64.Deploy.0 = Release|x64
		{B1B2B211-E1DE-4EF8-9F85-01701BB3A66A}.AppStore|x86.ActiveCfg = Release|x86
		{B1B2B211-E1DE-4EF8-9F85-01701BB3A66A}.AppStore|x86.Build.0 = Release|x86
		{B1B2B211-E1DE-4EF8-9F85-01701BB3A66A}.AppStore|x86.Deploy.0 = Release|x86
		{B1B2B211-E1DE-4EF8-9F85-01701BB3A66A}.Debug|Any CPU.ActiveCfg = Debug|x86
		{B1B2B211-E1DE-4EF8-9F85-01701BB3A66A}.Debug|ARM.ActiveCfg = Debug|ARM
		{B1B2B211-E1DE-4EF8-9F85-01701BB3A66A}.Debug|ARM.Build.0 = Debug|ARM
		{B1B2B211-E1DE-4EF8-9F85-01701BB3A66A}.Debug|ARM.Deploy.0 = Debug|ARM
		{B1B2B211-E1DE-4EF8-9F85-01701BB3A66A}.Debug|iPhone.ActiveCfg = Debug|x86
		{B1B2B211-E1DE-4EF8-9F85-01701BB3A66A}.Debug|iPhoneSimulator.ActiveCfg = Debug|x86
		{B1B2B211-E1DE-4EF8-9F85-01701BB3A66A}.Debug|x64.ActiveCfg = Debug|x64
		{B1B2B211-E1DE-4EF8-9F85-01701BB3A66A}.Debug|x64.Build.0 = Debug|x64
		{B1B2B211-E1DE-4EF8-9F85-01701BB3A66A}.Debug|x64.Deploy.0 = Debug|x64
		{B1B2B211-E1DE-4EF8-9F85-01701BB3A66A}.Debug|x86.ActiveCfg = Debug|x86
		{B1B2B211-E1DE-4EF8-9F85-01701BB3A66A}.Debug|x86.Build.0 = Debug|x86
		{B1B2B211-E1DE-4EF8-9F85-01701BB3A66A}.Debug|x86.Deploy.0 = Debug|x86
		{B1B2B211-E1DE-4EF8-9F85-01701BB3A66A}.Release|Any CPU.ActiveCfg = Release|x64
		{B1B2B211-E1DE-4EF8-9F85-01701BB3A66A}.Release|Any CPU.Build.0 = Release|x64
		{B1B2B211-E1DE-4EF8-9F85-01701BB3A66A}.Release|Any CPU.Deploy.0 = Release|x64
		{B1B2B211-E1DE-4EF8-9F85-01701BB3A66A}.Release|ARM.ActiveCfg = Release|x64
		{B1B2B211-E1DE-4EF8-9F85-01701BB3A66A}.Release|ARM.Build.0 = Release|x64
		{B1B2B211-E1DE-4EF8-9F85-01701BB3A66A}.Release|ARM.Deploy.0 = Release|x64
		{B1B2B211-E1DE-4EF8-9F85-01701BB3A66A}.Release|iPhone.ActiveCfg = Release|x64
		{B1B2B211-E1DE-4EF8-9F85-01701BB3A66A}.Release|iPhone.Build.0 = Release|x64
		{B1B2B211-E1DE-4EF8-9F85-01701BB3A66A}.Release|iPhone.Deploy.0 = Release|x64
		{B1B2B211-E1DE-4EF8-9F85-01701BB3A66A}.Release|iPhoneSimulator.ActiveCfg = Release|x64
		{B1B2B211-E1DE-4EF8-9F85-01701BB3A66A}.Release|iPhoneSimulator.Build.0 = Release|x64
		{B1B2B211-E1DE-4EF8-9F85-01701BB3A66A}.Release|iPhoneSimulator.Deploy.0 = Release|x64
		{B1B2B211-E1DE-4EF8-9F85-01701BB3A66A}.Release|x64.ActiveCfg = Release|x64
		{B1B2B211-E1DE-4EF8-9F85-01701BB3A66A}.Release|x64.Build.0 = Release|x64
		{B1B2B211-E1DE-4EF8-9F85-01701BB3A66A}.Release|x64.Deploy.0 = Release|x64
		{B1B2B211-E1DE-4EF8-9F85-01701BB3A66A}.Release|x86.ActiveCfg = Release|x64
		{B1B2B211-E1DE-4EF8-9F85-01701BB3A66A}.Release|x86.Build.0 = Release|x64
		{B1B2B211-E1DE-4EF8-9F85-01701BB3A66A}.Release|x86.Deploy.0 = Release|x64
		{93D83BA3-E714-4D09-84E2-C5958F0B2480}.Ad-Hoc|Any CPU.ActiveCfg = Release|Any CPU
		{93D83BA3-E714-4D09-84E2-C5958F0B2480}.Ad-Hoc|Any CPU.Build.0 = Release|Any CPU
		{93D83BA3-E714-4D09-84E2-C5958F0B2480}.Ad-Hoc|Any CPU.Deploy.0 = Release|Any CPU
		{93D83BA3-E714-4D09-84E2-C5958F0B2480}.Ad-Hoc|ARM.ActiveCfg = Release|ARM
		{93D83BA3-E714-4D09-84E2-C5958F0B2480}.Ad-Hoc|ARM.Build.0 = Release|ARM
		{93D83BA3-E714-4D09-84E2-C5958F0B2480}.Ad-Hoc|ARM.Deploy.0 = Release|ARM
		{93D83BA3-E714-4D09-84E2-C5958F0B2480}.Ad-Hoc|iPhone.ActiveCfg = Release|Any CPU
		{93D83BA3-E714-4D09-84E2-C5958F0B2480}.Ad-Hoc|iPhone.Build.0 = Release|Any CPU
		{93D83BA3-E714-4D09-84E2-C5958F0B2480}.Ad-Hoc|iPhone.Deploy.0 = Release|Any CPU
		{93D83BA3-E714-4D09-84E2-C5958F0B2480}.Ad-Hoc|iPhoneSimulator.ActiveCfg = Release|Any CPU
		{93D83BA3-E714-4D09-84E2-C5958F0B2480}.Ad-Hoc|iPhoneSimulator.Build.0 = Release|Any CPU
		{93D83BA3-E714-4D09-84E2-C5958F0B2480}.Ad-Hoc|iPhoneSimulator.Deploy.0 = Release|Any CPU
		{93D83BA3-E714-4D09-84E2-C5958F0B2480}.Ad-Hoc|x64.ActiveCfg = Release|x64
		{93D83BA3-E714-4D09-84E2-C5958F0B2480}.Ad-Hoc|x64.Build.0 = Release|x64
		{93D83BA3-E714-4D09-84E2-C5958F0B2480}.Ad-Hoc|x64.Deploy.0 = Release|x64
		{93D83BA3-E714-4D09-84E2-C5958F0B2480}.Ad-Hoc|x86.ActiveCfg = Release|x86
		{93D83BA3-E714-4D09-84E2-C5958F0B2480}.Ad-Hoc|x86.Build.0 = Release|x86
		{93D83BA3-E714-4D09-84E2-C5958F0B2480}.Ad-Hoc|x86.Deploy.0 = Release|x86
		{93D83BA3-E714-4D09-84E2-C5958F0B2480}.AppStore|Any CPU.ActiveCfg = Release|Any CPU
		{93D83BA3-E714-4D09-84E2-C5958F0B2480}.AppStore|Any CPU.Build.0 = Release|Any CPU
		{93D83BA3-E714-4D09-84E2-C5958F0B2480}.AppStore|Any CPU.Deploy.0 = Release|Any CPU
		{93D83BA3-E714-4D09-84E2-C5958F0B2480}.AppStore|ARM.ActiveCfg = Release|ARM
		{93D83BA3-E714-4D09-84E2-C5958F0B2480}.AppStore|ARM.Build.0 = Release|ARM
		{93D83BA3-E714-4D09-84E2-C5958F0B2480}.AppStore|ARM.Deploy.0 = Release|ARM
		{93D83BA3-E714-4D09-84E2-C5958F0B2480}.AppStore|iPhone.ActiveCfg = Release|Any CPU
		{93D83BA3-E714-4D09-84E2-C5958F0B2480}.AppStore|iPhone.Build.0 = Release|Any CPU
		{93D83BA3-E714-4D09-84E2-C5958F0B2480}.AppStore|iPhone.Deploy.0 = Release|Any CPU
		{93D83BA3-E714-4D09-84E2-C5958F0B2480}.AppStore|iPhoneSimulator.ActiveCfg = Release|Any CPU
		{93D83BA3-E714-4D09-84E2-C5958F0B2480}.AppStore|iPhoneSimulator.Build.0 = Release|Any CPU
		{93D83BA3-E714-4D09-84E2-C5958F0B2480}.AppStore|iPhoneSimulator.Deploy.0 = Release|Any CPU
		{93D83BA3-E714-4D09-84E2-C5958F0B2480}.AppStore|x64.ActiveCfg = Release|x64
		{93D83BA3-E714-4D09-84E2-C5958F0B2480}.AppStore|x64.Build.0 = Release|x64
		{93D83BA3-E714-4D09-84E2-C5958F0B2480}.AppStore|x64.Deploy.0 = Release|x64
		{93D83BA3-E714-4D09-84E2-C5958F0B2480}.AppStore|x86.ActiveCfg = Release|x86
		{93D83BA3-E714-4D09-84E2-C5958F0B2480}.AppStore|x86.Build.0 = Release|x86
		{93D83BA3-E714-4D09-84E2-C5958F0B2480}.AppStore|x86.Deploy.0 = Release|x86
		{93D83BA3-E714-4D09-84E2-C5958F0B2480}.Debug|Any CPU.ActiveCfg = Debug|Any CPU
		{93D83BA3-E714-4D09-84E2-C5958F0B2480}.Debug|Any CPU.Build.0 = Debug|Any CPU
		{93D83BA3-E714-4D09-84E2-C5958F0B2480}.Debug|Any CPU.Deploy.0 = Debug|Any CPU
		{93D83BA3-E714-4D09-84E2-C5958F0B2480}.Debug|ARM.ActiveCfg = Debug|ARM
		{93D83BA3-E714-4D09-84E2-C5958F0B2480}.Debug|ARM.Build.0 = Debug|ARM
		{93D83BA3-E714-4D09-84E2-C5958F0B2480}.Debug|ARM.Deploy.0 = Debug|ARM
		{93D83BA3-E714-4D09-84E2-C5958F0B2480}.Debug|iPhone.ActiveCfg = Debug|Any CPU
		{93D83BA3-E714-4D09-84E2-C5958F0B2480}.Debug|iPhone.Build.0 = Debug|Any CPU
		{93D83BA3-E714-4D09-84E2-C5958F0B2480}.Debug|iPhone.Deploy.0 = Debug|Any CPU
		{93D83BA3-E714-4D09-84E2-C5958F0B2480}.Debug|iPhoneSimulator.ActiveCfg = Debug|Any CPU
		{93D83BA3-E714-4D09-84E2-C5958F0B2480}.Debug|iPhoneSimulator.Build.0 = Debug|Any CPU
		{93D83BA3-E714-4D09-84E2-C5958F0B2480}.Debug|iPhoneSimulator.Deploy.0 = Debug|Any CPU
		{93D83BA3-E714-4D09-84E2-C5958F0B2480}.Debug|x64.ActiveCfg = Debug|x64
		{93D83BA3-E714-4D09-84E2-C5958F0B2480}.Debug|x64.Build.0 = Debug|x64
		{93D83BA3-E714-4D09-84E2-C5958F0B2480}.Debug|x64.Deploy.0 = Debug|x64
		{93D83BA3-E714-4D09-84E2-C5958F0B2480}.Debug|x86.ActiveCfg = Debug|x86
		{93D83BA3-E714-4D09-84E2-C5958F0B2480}.Debug|x86.Build.0 = Debug|x86
		{93D83BA3-E714-4D09-84E2-C5958F0B2480}.Debug|x86.Deploy.0 = Debug|x86
		{93D83BA3-E714-4D09-84E2-C5958F0B2480}.Release|Any CPU.ActiveCfg = Release|x86
		{93D83BA3-E714-4D09-84E2-C5958F0B2480}.Release|ARM.ActiveCfg = Release|x86
		{93D83BA3-E714-4D09-84E2-C5958F0B2480}.Release|iPhone.ActiveCfg = Release|x86
		{93D83BA3-E714-4D09-84E2-C5958F0B2480}.Release|iPhoneSimulator.ActiveCfg = Release|x86
		{93D83BA3-E714-4D09-84E2-C5958F0B2480}.Release|x64.ActiveCfg = Release|x86
		{93D83BA3-E714-4D09-84E2-C5958F0B2480}.Release|x86.ActiveCfg = Release|x86
	EndGlobalSection
	GlobalSection(SolutionProperties) = preSolution
		HideSolutionNode = FALSE
	EndGlobalSection
EndGlobal
